{
  "name": "long-horizon-hackathon",
  "version": "1.0.0",
  "lockfileVersion": 3,
  "requires": true,
  "packages": {
    "": {
      "name": "long-horizon-hackathon",
      "version": "1.0.0",
      "license": "ISC",
      "dependencies": {
        "@nimble-way/nimble-js": "^1.5.0",
        "@rawtree/sdk": "^0.2.1"
      }
    },
    "node_modules/@nimble-way/nimble-js": {
      "version": "1.5.0",
      "resolved": "https://registry.npmjs.org/@nimble-way/nimble-js/-/nimble-js-1.5.0.tgz",
      "integrity": "sha512-qpiBt3cziPxPSrSJpTrv8jDYFQt3h6Y6vTjZC4EMXgZPZkS+JLJJbp5332k4euHRduRkoN6ZXR65l2eDhQhbcQ==",
      "license": "Apache-2.0"
    },
    "node_modules/@rawtree/sdk": {
      "version": "0.2.1",
      "resolved": "https://registry.npmjs.org/@rawtree/sdk/-/sdk-0.2.1.tgz",
      "integrity": "sha512-Dnx9ZPPv+I59Xdn5Egs4gpcKWHnerx3EUjuAg9AdTT9O6LmHVnRdr9lEneZRsH4QRQMJTcjRGbeqod0pakwgow==",
      "license": "MIT"
    }
  }
}
